<?xml version="1.0" encoding="utf-8"?>
<Project ToolsVersion="4.0" xmlns="http://schemas.microsoft.com/developer/msbuild/2003">
  <ItemGroup>
    <Filter Include="Source Files">
      <UniqueIdentifier>{4FC737F1-C7A5-4376-A066-2A32D752A2FF}</UniqueIdentifier>
      <Extensions>cpp;c;cc;cxx;def;odl;idl;hpj;bat;asm;asmx</Extensions>
    </Filter>
    <Filter Include="Games">
      <UniqueIdentifier>{644a6d72-8f8e-4a60-9950-0be0eec16d43}</UniqueIdentifier>
    </Filter>
    <Filter Include="Games\Carbon">
      <UniqueIdentifier>{75f2bec3-b208-456e-b21b-4682cdced07a}</UniqueIdentifier>
    </Filter>
    <Filter Include="Globals">
      <UniqueIdentifier>{8278cb79-4636-4fdd-a640-4ccbd3146beb}</UniqueIdentifier>
    </Filter>
    <Filter Include="Games\MostWanted">
      <UniqueIdentifier>{79d0a412-7908-4244-be38-cd11fd67d50d}</UniqueIdentifier>
    </Filter>
    <Filter Include="HUD">
      <UniqueIdentifier>{93995380-89BD-4b04-88EB-625FBE52EBFB}</UniqueIdentifier>
      <Extensions>h;hh;hpp;hxx;hm;inl;inc;ipp;xsd</Extensions>
    </Filter>
    <Filter Include="HUD\HUD_Elements">
      <UniqueIdentifier>{e2a701d6-3433-4d29-b13a-0673d484c20e}</UniqueIdentifier>
    </Filter>
    <Filter Include="HUD\Sprites">
      <UniqueIdentifier>{40ab7874-a16c-47f6-bbb9-03b1f0d654db}</UniqueIdentifier>
    </Filter>
    <Filter Include="HUD\MirrorHook">
      <UniqueIdentifier>{414d04cd-b8f7-4490-a76c-108e3c5eacec}</UniqueIdentifier>
    </Filter>
    <Filter Include="Games\MostWantedOnline">
      <UniqueIdentifier>{a6e6509f-f6d5-41a8-a8b8-a1a3f38ba2ab}</UniqueIdentifier>
    </Filter>
    <Filter Include="Games\BaseGame">
      <UniqueIdentifier>{380de0f4-101c-497b-85d4-41b5ab33d8f3}</UniqueIdentifier>
    </Filter>
    <Filter Include="Hooks">
      <UniqueIdentifier>{e63e7e17-9e4d-4013-8b99-972e5bb7dd23}</UniqueIdentifier>
    </Filter>
  </ItemGroup>
  <ItemGroup>
    <ClInclude Include="HUD_Gauge.h">
      <Filter>HUD\HUD_Elements</Filter>
    </ClInclude>
    <ClInclude Include="HUD_Element.h">
      <Filter>HUD\HUD_Elements</Filter>
    </ClInclude>
    <ClInclude Include="HUD_Digit.h">
      <Filter>HUD\HUD_Elements</Filter>
    </ClInclude>
    <ClInclude Include="HUD_SpeedometerDigital.h">
      <Filter>HUD\HUD_Elements</Filter>
    </ClInclude>
    <ClInclude Include="Sprite.h">
      <Filter>HUD\Sprites</Filter>
    </ClInclude>
    <ClInclude Include="CircleSprite.h">
      <Filter>HUD\Sprites</Filter>
    </ClInclude>
    <ClInclude Include="CarHud.h">
      <Filter>HUD</Filter>
    </ClInclude>
    <ClInclude Include="HUD_Liniar.h">
      <Filter>HUD\HUD_Elements</Filter>
    </ClInclude>
    <ClInclude Include="MirrorHook\WndProc\WndProcExtender.hpp">
      <Filter>HUD\MirrorHook</Filter>
    </ClInclude>
    <ClInclude Include="MirrorHook\MemoryEditor\MemoryEditor.hpp">
      <Filter>HUD\MirrorHook</Filter>
    </ClInclude>
    <ClInclude Include="MirrorHook\D3D9\D3D9Extender.hpp">
      <Filter>HUD\MirrorHook</Filter>
    </ClInclude>
    <ClInclude Include="TextureStateManager.h">
      <Filter>HUD\Sprites</Filter>
    </ClInclude>
    <ClInclude Include="GameApi.h">
      <Filter>Games</Filter>
    </ClInclude>
    <ClInclude Include="Carbon.h">
      <Filter>Games\Carbon</Filter>
    </ClInclude>
    <ClInclude Include="Globals.h">
      <Filter>Globals</Filter>
    </ClInclude>
    <ClInclude Include="MostWanted.h">
      <Filter>Games\MostWanted</Filter>
    </ClInclude>
    <ClInclude Include="HUD_Units.h">
      <Filter>HUD\HUD_Elements</Filter>
    </ClInclude>
    <ClInclude Include="HUD_ShiftIcon.h">
      <Filter>HUD\HUD_Elements</Filter>
    </ClInclude>
    <ClInclude Include="HUD_TachometerDigital.h">
      <Filter>HUD\HUD_Elements</Filter>
    </ClInclude>
    <ClInclude Include="HUD_Digital.h">
      <Filter>HUD\HUD_Elements</Filter>
    </ClInclude>
    <ClInclude Include="MostWantedOnline.h">
      <Filter>Games\MostWantedOnline</Filter>
    </ClInclude>
    <ClInclude Include="BaseGame.h">
      <Filter>Games\BaseGame</Filter>
    </ClInclude>
    <ClInclude Include="Hooks.h">
      <Filter>Hooks</Filter>
    </ClInclude>
  </ItemGroup>
  <ItemGroup>
    <ClCompile Include="dllmain.cpp">
      <Filter>Source Files</Filter>
    </ClCompile>
    <ClCompile Include="Carbon.cpp">
      <Filter>Games\Carbon</Filter>
    </ClCompile>
    <ClCompile Include="Globals.cpp">
      <Filter>Globals</Filter>
    </ClCompile>
    <ClCompile Include="GameApi.cpp">
      <Filter>Games</Filter>
    </ClCompile>
    <ClCompile Include="MostWanted.cpp">
      <Filter>Games\MostWanted</Filter>
    </ClCompile>
    <ClCompile Include="MostWantedOnline.cpp">
      <Filter>Games\MostWantedOnline</Filter>
    </ClCompile>
    <ClCompile Include="BaseGame.cpp">
      <Filter>Games\BaseGame</Filter>
    </ClCompile>
    <ClCompile Include="Hooks.cpp">
      <Filter>Hooks</Filter>
    </ClCompile>
  </ItemGroup>
</Project>