<?xml version="1.0" encoding="utf-8"?>
<Project ToolsVersion="4.0" xmlns="http://schemas.microsoft.com/developer/msbuild/2003">
  <ItemGroup>
    <Filter Include="Source Files">
      <UniqueIdentifier>{4FC737F1-C7A5-4376-A066-2A32D752A2FF}</UniqueIdentifier>
      <Extensions>cpp;c;cc;cxx;def;odl;idl;hpj;bat;asm;asmx</Extensions>
    </Filter>
    <Filter Include="Header Files">
      <UniqueIdentifier>{93995380-89BD-4b04-88EB-625FBE52EBFB}</UniqueIdentifier>
      <Extensions>h;hh;hpp;hxx;hm;inl;inc;ipp;xsd</Extensions>
    </Filter>
    <Filter Include="Resource Files">
      <UniqueIdentifier>{67DA6AB6-F800-4c08-8B7A-83BB121AAD01}</UniqueIdentifier>
      <Extensions>rc;ico;cur;bmp;dlg;rc2;rct;bin;rgs;gif;jpg;jpeg;jpe;resx;tiff;tif;png;wav;mfcribbon-ms</Extensions>
    </Filter>
    <Filter Include="Header Files\HUD_Elements">
      <UniqueIdentifier>{e2a701d6-3433-4d29-b13a-0673d484c20e}</UniqueIdentifier>
    </Filter>
    <Filter Include="Header Files\Sprites">
      <UniqueIdentifier>{40ab7874-a16c-47f6-bbb9-03b1f0d654db}</UniqueIdentifier>
    </Filter>
    <Filter Include="Header Files\MirrorHook">
      <UniqueIdentifier>{414d04cd-b8f7-4490-a76c-108e3c5eacec}</UniqueIdentifier>
    </Filter>
  </ItemGroup>
  <ItemGroup>
    <ClInclude Include="DALVehicleCarbon.h">
      <Filter>Header Files</Filter>
    </ClInclude>
    <ClInclude Include="HUD_Gauge.h">
      <Filter>Header Files\HUD_Elements</Filter>
    </ClInclude>
    <ClInclude Include="HUD_Element.h">
      <Filter>Header Files\HUD_Elements</Filter>
    </ClInclude>
    <ClInclude Include="HUD_Digit.h">
      <Filter>Header Files\HUD_Elements</Filter>
    </ClInclude>
    <ClInclude Include="HUD_Tachometer.h">
      <Filter>Header Files\HUD_Elements</Filter>
    </ClInclude>
    <ClInclude Include="HUD_Speedometer.h">
      <Filter>Header Files\HUD_Elements</Filter>
    </ClInclude>
    <ClInclude Include="Sprite.h">
      <Filter>Header Files\Sprites</Filter>
    </ClInclude>
    <ClInclude Include="CircleSprite.h">
      <Filter>Header Files\Sprites</Filter>
    </ClInclude>
    <ClInclude Include="Globals.h">
      <Filter>Header Files</Filter>
    </ClInclude>
    <ClInclude Include="CarHud.h">
      <Filter>Header Files</Filter>
    </ClInclude>
    <ClInclude Include="HUD_Filled.h">
      <Filter>Header Files\HUD_Elements</Filter>
    </ClInclude>
    <ClInclude Include="MirrorHook\WndProc\WndProcExtender.hpp">
      <Filter>Header Files\MirrorHook</Filter>
    </ClInclude>
    <ClInclude Include="MirrorHook\MemoryEditor\MemoryEditor.hpp">
      <Filter>Header Files\MirrorHook</Filter>
    </ClInclude>
    <ClInclude Include="MirrorHook\D3D9\D3D9Extender.hpp">
      <Filter>Header Files\MirrorHook</Filter>
    </ClInclude>
    <ClInclude Include="TextureStateManager.h">
      <Filter>Header Files\Sprites</Filter>
    </ClInclude>
  </ItemGroup>
  <ItemGroup>
    <ClCompile Include="dllmain.cpp">
      <Filter>Source Files</Filter>
    </ClCompile>
    <ClCompile Include="Globals.cpp">
      <Filter>Source Files</Filter>
    </ClCompile>
  </ItemGroup>
</Project>